{
    "packages": [],
    "packages-dev": [],
    "_readme": [
        "Placeholder lock file generated offline"
    ],
    "content-hash": "",
    "minimum-stability": "stable",
    "prefer-stable": true,
    "platform": {
        "php": "^8.3"
    },
    "platform-dev": [],
    "plugin-api-version": "2.6.0"
}
